
Microsoft Visual Studio Solution File, Format Version 12.00
# Visual Studio 15
VisualStudioVersion = 15.0.28010.2003
MinimumVisualStudioVersion = 10.0.40219.1
Project("{FAE04EC0-301F-11D3-BF4B-00C04F79EFBC}") = "WebAPI", "WebAPI\WebAPI.csproj", "{DBB00E72-1ACA-4A9D-9480-83670089A994}"
EndProject
Global
	GlobalSection(SolutionConfigurationPlatforms) = preSolution
		Debug|Any CPU = Debug|Any CPU
		Release|Any CPU = Release|Any CPU
	EndGlobalSection
	GlobalSection(ProjectConfigurationPlatforms) = postSolution
		{DBB00E72-1ACA-4A9D-9480-83670089A994}.Debug|Any CPU.ActiveCfg = Debug|Any CPU
		{DBB00E72-1ACA-4A9D-9480-83670089A994}.Debug|Any CPU.Build.0 = Debug|Any CPU
		{DBB00E72-1ACA-4A9D-9480-83670089A994}.Release|Any CPU.ActiveCfg = Release|Any CPU
		{DBB00E72-1ACA-4A9D-9480-83670089A994}.Release|Any CPU.Build.0 = Release|Any CPU
	EndGlobalSection
	GlobalSection(SolutionProperties) = preSolution
		HideSolutionNode = FALSE
	EndGlobalSection
	GlobalSection(ExtensibilityGlobals) = postSolution
		SolutionGuid = {A324156D-31EE-4E89-B347-9A512F72877B}
	EndGlobalSection
EndGlobal
